
Microsoft Visual Studio Solution File, Format Version 12.00
# Visual Studio Version 17
VisualStudioVersion = 17.4.33205.214
MinimumVisualStudioVersion = 10.0.40219.1
Project("{9A19103F-16F7-4668-BE54-9A1E7A4F7556}") = "Homework-6-1", "Homework-6\Homework-6-1.csproj", "{0181D059-4904-4037-9016-B26265203043}"
EndProject
Project("{FAE04EC0-301F-11D3-BF4B-00C04F79EFBC}") = "Homework-6-2", "Homework-6-2\Homework-6-2.csproj", "{A448E09E-6291-4F21-AEA2-2456A25F3E1C}"
EndProject
Project("{FAE04EC0-301F-11D3-BF4B-00C04F79EFBC}") = "Homework-6-3", "Homework-6-3\Homework-6-3.csproj", "{112050E8-6D85-49AB-BF73-49B9C5CC2AD9}"
EndProject
Global
	GlobalSection(SolutionConfigurationPlatforms) = preSolution
		Debug|Any CPU = Debug|Any CPU
		Release|Any CPU = Release|Any CPU
	EndGlobalSection
	GlobalSection(ProjectConfigurationPlatforms) = postSolution
		{0181D059-4904-4037-9016-B26265203043}.Debug|Any CPU.ActiveCfg = Debug|Any CPU
		{0181D059-4904-4037-9016-B26265203043}.Debug|Any CPU.Build.0 = Debug|Any CPU
		{0181D059-4904-4037-9016-B26265203043}.Release|Any CPU.ActiveCfg = Release|Any CPU
		{0181D059-4904-4037-9016-B26265203043}.Release|Any CPU.Build.0 = Release|Any CPU
		{A448E09E-6291-4F21-AEA2-2456A25F3E1C}.Debug|Any CPU.ActiveCfg = Debug|Any CPU
		{A448E09E-6291-4F21-AEA2-2456A25F3E1C}.Debug|Any CPU.Build.0 = Debug|Any CPU
		{A448E09E-6291-4F21-AEA2-2456A25F3E1C}.Release|Any CPU.ActiveCfg = Release|Any CPU
		{A448E09E-6291-4F21-AEA2-2456A25F3E1C}.Release|Any CPU.Build.0 = Release|Any CPU
		{112050E8-6D85-49AB-BF73-49B9C5CC2AD9}.Debug|Any CPU.ActiveCfg = Debug|Any CPU
		{112050E8-6D85-49AB-BF73-49B9C5CC2AD9}.Debug|Any CPU.Build.0 = Debug|Any CPU
		{112050E8-6D85-49AB-BF73-49B9C5CC2AD9}.Release|Any CPU.ActiveCfg = Release|Any CPU
		{112050E8-6D85-49AB-BF73-49B9C5CC2AD9}.Release|Any CPU.Build.0 = Release|Any CPU
	EndGlobalSection
	GlobalSection(SolutionProperties) = preSolution
		HideSolutionNode = FALSE
	EndGlobalSection
	GlobalSection(ExtensibilityGlobals) = postSolution
		SolutionGuid = {A1382B1A-A4EF-4F84-9408-B4C3C16FF1BC}
	EndGlobalSection
EndGlobal
